// !$*UTF8*$!
{
	archiveVersion = 1;
	classes = {
	};
	objectVersion = 50;
	objects = {

/* Begin PBXBuildFile section */
		F759905B25F0F85200637BD1 /* AppDelegate.swift in Sources */ = {isa = PBXBuildFile; fileRef = F759905A25F0F85200637BD1 /* AppDelegate.swift */; };
		F759905D25F0F85200637BD1 /* SceneDelegate.swift in Sources */ = {isa = PBXBuildFile; fileRef = F759905C25F0F85200637BD1 /* SceneDelegate.swift */; };
		F759905F25F0F85200637BD1 /* HomeViewController.swift in Sources */ = {isa = PBXBuildFile; fileRef = F759905E25F0F85200637BD1 /* HomeViewController.swift */; };
		F759906225F0F85200637BD1 /* Main.storyboard in Resources */ = {isa = PBXBuildFile; fileRef = F759906025F0F85200637BD1 /* Main.storyboard */; };
		F759906525F0F85200637BD1 /* Knockout.xcdatamodeld in Sources */ = {isa = PBXBuildFile; fileRef = F759906325F0F85200637BD1 /* Knockout.xcdatamodeld */; };
		F759906725F0F85500637BD1 /* Assets.xcassets in Resources */ = {isa = PBXBuildFile; fileRef = F759906625F0F85500637BD1 /* Assets.xcassets */; };
		F759906A25F0F85500637BD1 /* LaunchScreen.storyboard in Resources */ = {isa = PBXBuildFile; fileRef = F759906825F0F85500637BD1 /* LaunchScreen.storyboard */; };
		F759907525F0F85500637BD1 /* KnockoutTests.swift in Sources */ = {isa = PBXBuildFile; fileRef = F759907425F0F85500637BD1 /* KnockoutTests.swift */; };
		F759908025F0F85500637BD1 /* KnockoutUITests.swift in Sources */ = {isa = PBXBuildFile; fileRef = F759907F25F0F85500637BD1 /* KnockoutUITests.swift */; };
		F759909125F117E800637BD1 /* FixtureManager.swift in Sources */ = {isa = PBXBuildFile; fileRef = F759909025F117E800637BD1 /* FixtureManager.swift */; };
		F759909625F11E6500637BD1 /* TournamentCell.swift in Sources */ = {isa = PBXBuildFile; fileRef = F759909525F11E6500637BD1 /* TournamentCell.swift */; };
		F759909C25F131F100637BD1 /* DatabaseManager.swift in Sources */ = {isa = PBXBuildFile; fileRef = F759909B25F131F100637BD1 /* DatabaseManager.swift */; };
		F75990C525F1339D00637BD1 /* HomeViewModel.swift in Sources */ = {isa = PBXBuildFile; fileRef = F75990C425F1339D00637BD1 /* HomeViewModel.swift */; };
/* End PBXBuildFile section */

/* Begin PBXContainerItemProxy section */
		F759907125F0F85500637BD1 /* PBXContainerItemProxy */ = {
			isa = PBXContainerItemProxy;
			containerPortal = F759904F25F0F85200637BD1 /* Project object */;
			proxyType = 1;
			remoteGlobalIDString = F759905625F0F85200637BD1;
			remoteInfo = Knockout;
		};
		F759907C25F0F85500637BD1 /* PBXContainerItemProxy */ = {
			isa = PBXContainerItemProxy;
			containerPortal = F759904F25F0F85200637BD1 /* Project object */;
			proxyType = 1;
			remoteGlobalIDString = F759905625F0F85200637BD1;
			remoteInfo = Knockout;
		};
/* End PBXContainerItemProxy section */

/* Begin PBXFileReference section */
		F759905725F0F85200637BD1 /* Knockout.app */ = {isa = PBXFileReference; explicitFileType = wrapper.application; includeInIndex = 0; path = Knockout.app; sourceTree = BUILT_PRODUCTS_DIR; };
		F759905A25F0F85200637BD1 /* AppDelegate.swift */ = {isa = PBXFileReference; lastKnownFileType = sourcecode.swift; path = AppDelegate.swift; sourceTree = "<group>"; };
		F759905C25F0F85200637BD1 /* SceneDelegate.swift */ = {isa = PBXFileReference; lastKnownFileType = sourcecode.swift; path = SceneDelegate.swift; sourceTree = "<group>"; };
		F759905E25F0F85200637BD1 /* HomeViewController.swift */ = {isa = PBXFileReference; lastKnownFileType = sourcecode.swift; path = HomeViewController.swift; sourceTree = "<group>"; };
		F759906125F0F85200637BD1 /* Base */ = {isa = PBXFileReference; lastKnownFileType = file.storyboard; name = Base; path = Base.lproj/Main.storyboard; sourceTree = "<group>"; };
		F759906425F0F85200637BD1 /* Knockout.xcdatamodel */ = {isa = PBXFileReference; lastKnownFileType = wrapper.xcdatamodel; path = Knockout.xcdatamodel; sourceTree = "<group>"; };
		F759906625F0F85500637BD1 /* Assets.xcassets */ = {isa = PBXFileReference; lastKnownFileType = folder.assetcatalog; path = Assets.xcassets; sourceTree = "<group>"; };
		F759906925F0F85500637BD1 /* Base */ = {isa = PBXFileReference; lastKnownFileType = file.storyboard; name = Base; path = Base.lproj/LaunchScreen.storyboard; sourceTree = "<group>"; };
		F759906B25F0F85500637BD1 /* Info.plist */ = {isa = PBXFileReference; lastKnownFileType = text.plist.xml; path = Info.plist; sourceTree = "<group>"; };
		F759907025F0F85500637BD1 /* KnockoutTests.xctest */ = {isa = PBXFileReference; explicitFileType = wrapper.cfbundle; includeInIndex = 0; path = KnockoutTests.xctest; sourceTree = BUILT_PRODUCTS_DIR; };
		F759907425F0F85500637BD1 /* KnockoutTests.swift */ = {isa = PBXFileReference; lastKnownFileType = sourcecode.swift; path = KnockoutTests.swift; sourceTree = "<group>"; };
		F759907625F0F85500637BD1 /* Info.plist */ = {isa = PBXFileReference; lastKnownFileType = text.plist.xml; path = Info.plist; sourceTree = "<group>"; };
		F759907B25F0F85500637BD1 /* KnockoutUITests.xctest */ = {isa = PBXFileReference; explicitFileType = wrapper.cfbundle; includeInIndex = 0; path = KnockoutUITests.xctest; sourceTree = BUILT_PRODUCTS_DIR; };
		F759907F25F0F85500637BD1 /* KnockoutUITests.swift */ = {isa = PBXFileReference; lastKnownFileType = sourcecode.swift; path = KnockoutUITests.swift; sourceTree = "<group>"; };
		F759908125F0F85500637BD1 /* Info.plist */ = {isa = PBXFileReference; lastKnownFileType = text.plist.xml; path = Info.plist; sourceTree = "<group>"; };
		F759909025F117E800637BD1 /* FixtureManager.swift */ = {isa = PBXFileReference; lastKnownFileType = sourcecode.swift; path = FixtureManager.swift; sourceTree = "<group>"; };
		F759909525F11E6500637BD1 /* TournamentCell.swift */ = {isa = PBXFileReference; lastKnownFileType = sourcecode.swift; path = TournamentCell.swift; sourceTree = "<group>"; };
		F759909B25F131F100637BD1 /* DatabaseManager.swift */ = {isa = PBXFileReference; lastKnownFileType = sourcecode.swift; path = DatabaseManager.swift; sourceTree = "<group>"; };
		F75990C425F1339D00637BD1 /* HomeViewModel.swift */ = {isa = PBXFileReference; lastKnownFileType = sourcecode.swift; path = HomeViewModel.swift; sourceTree = "<group>"; };
/* End PBXFileReference section */

/* Begin PBXFrameworksBuildPhase section */
		F759905425F0F85200637BD1 /* Frameworks */ = {
			isa = PBXFrameworksBuildPhase;
			buildActionMask = 2147483647;
			files = (
			);
			runOnlyForDeploymentPostprocessing = 0;
		};
		F759906D25F0F85500637BD1 /* Frameworks */ = {
			isa = PBXFrameworksBuildPhase;
			buildActionMask = 2147483647;
			files = (
			);
			runOnlyForDeploymentPostprocessing = 0;
		};
		F759907825F0F85500637BD1 /* Frameworks */ = {
			isa = PBXFrameworksBuildPhase;
			buildActionMask = 2147483647;
			files = (
			);
			runOnlyForDeploymentPostprocessing = 0;
		};
/* End PBXFrameworksBuildPhase section */

/* Begin PBXGroup section */
		F759904E25F0F85200637BD1 = {
			isa = PBXGroup;
			children = (
				F759905925F0F85200637BD1 /* Knockout */,
				F759907325F0F85500637BD1 /* KnockoutTests */,
				F759907E25F0F85500637BD1 /* KnockoutUITests */,
				F759905825F0F85200637BD1 /* Products */,
			);
			sourceTree = "<group>";
		};
		F759905825F0F85200637BD1 /* Products */ = {
			isa = PBXGroup;
			children = (
				F759905725F0F85200637BD1 /* Knockout.app */,
				F759907025F0F85500637BD1 /* KnockoutTests.xctest */,
				F759907B25F0F85500637BD1 /* KnockoutUITests.xctest */,
			);
			name = Products;
			sourceTree = "<group>";
		};
		F759905925F0F85200637BD1 /* Knockout */ = {
			isa = PBXGroup;
			children = (
				F75990BD25F1334900637BD1 /* Manager */,
				F75990BC25F1333A00637BD1 /* Storyboard */,
				F75990BB25F1333200637BD1 /* Support files */,
				F75990BA25F1332A00637BD1 /* View Controllers */,
				F759906B25F0F85500637BD1 /* Info.plist */,
			);
			path = Knockout;
			sourceTree = "<group>";
		};
		F759907325F0F85500637BD1 /* KnockoutTests */ = {
			isa = PBXGroup;
			children = (
				F759907425F0F85500637BD1 /* KnockoutTests.swift */,
				F759907625F0F85500637BD1 /* Info.plist */,
			);
			path = KnockoutTests;
			sourceTree = "<group>";
		};
		F759907E25F0F85500637BD1 /* KnockoutUITests */ = {
			isa = PBXGroup;
			children = (
				F759907F25F0F85500637BD1 /* KnockoutUITests.swift */,
				F759908125F0F85500637BD1 /* Info.plist */,
			);
			path = KnockoutUITests;
			sourceTree = "<group>";
		};
		F75990BA25F1332A00637BD1 /* View Controllers */ = {
			isa = PBXGroup;
			children = (
				F759905E25F0F85200637BD1 /* HomeViewController.swift */,
				F75990C425F1339D00637BD1 /* HomeViewModel.swift */,
				F759909525F11E6500637BD1 /* TournamentCell.swift */,
			);
			path = "View Controllers";
			sourceTree = "<group>";
		};
		F75990BB25F1333200637BD1 /* Support files */ = {
			isa = PBXGroup;
			children = (
				F759906325F0F85200637BD1 /* Knockout.xcdatamodeld */,
				F759906625F0F85500637BD1 /* Assets.xcassets */,
				F759906825F0F85500637BD1 /* LaunchScreen.storyboard */,
				F759905A25F0F85200637BD1 /* AppDelegate.swift */,
				F759905C25F0F85200637BD1 /* SceneDelegate.swift */,
			);
			path = "Support files";
			sourceTree = "<group>";
		};
		F75990BC25F1333A00637BD1 /* Storyboard */ = {
			isa = PBXGroup;
			children = (
				F759906025F0F85200637BD1 /* Main.storyboard */,
			);
			path = Storyboard;
			sourceTree = "<group>";
		};
		F75990BD25F1334900637BD1 /* Manager */ = {
			isa = PBXGroup;
			children = (
				F759909025F117E800637BD1 /* FixtureManager.swift */,
				F759909B25F131F100637BD1 /* DatabaseManager.swift */,
			);
			path = Manager;
			sourceTree = "<group>";
		};
/* End PBXGroup section */

/* Begin PBXNativeTarget section */
		F759905625F0F85200637BD1 /* Knockout */ = {
			isa = PBXNativeTarget;
			buildConfigurationList = F759908425F0F85500637BD1 /* Build configuration list for PBXNativeTarget "Knockout" */;
			buildPhases = (
				F759905325F0F85200637BD1 /* Sources */,
				F759905425F0F85200637BD1 /* Frameworks */,
				F759905525F0F85200637BD1 /* Resources */,
			);
			buildRules = (
			);
			dependencies = (
			);
			name = Knockout;
			productName = Knockout;
			productReference = F759905725F0F85200637BD1 /* Knockout.app */;
			productType = "com.apple.product-type.application";
		};
		F759906F25F0F85500637BD1 /* KnockoutTests */ = {
			isa = PBXNativeTarget;
			buildConfigurationList = F759908725F0F85500637BD1 /* Build configuration list for PBXNativeTarget "KnockoutTests" */;
			buildPhases = (
				F759906C25F0F85500637BD1 /* Sources */,
				F759906D25F0F85500637BD1 /* Frameworks */,
				F759906E25F0F85500637BD1 /* Resources */,
			);
			buildRules = (
			);
			dependencies = (
				F759907225F0F85500637BD1 /* PBXTargetDependency */,
			);
			name = KnockoutTests;
			productName = KnockoutTests;
			productReference = F759907025F0F85500637BD1 /* KnockoutTests.xctest */;
			productType = "com.apple.product-type.bundle.unit-test";
		};
		F759907A25F0F85500637BD1 /* KnockoutUITests */ = {
			isa = PBXNativeTarget;
			buildConfigurationList = F759908A25F0F85500637BD1 /* Build configuration list for PBXNativeTarget "KnockoutUITests" */;
			buildPhases = (
				F759907725F0F85500637BD1 /* Sources */,
				F759907825F0F85500637BD1 /* Frameworks */,
				F759907925F0F85500637BD1 /* Resources */,
			);
			buildRules = (
			);
			dependencies = (
				F759907D25F0F85500637BD1 /* PBXTargetDependency */,
			);
			name = KnockoutUITests;
			productName = KnockoutUITests;
			productReference = F759907B25F0F85500637BD1 /* KnockoutUITests.xctest */;
			productType = "com.apple.product-type.bundle.ui-testing";
		};
/* End PBXNativeTarget section */

/* Begin PBXProject section */
		F759904F25F0F85200637BD1 /* Project object */ = {
			isa = PBXProject;
			attributes = {
				LastSwiftUpdateCheck = 1210;
				LastUpgradeCheck = 1210;
				TargetAttributes = {
					F759905625F0F85200637BD1 = {
						CreatedOnToolsVersion = 12.1;
					};
					F759906F25F0F85500637BD1 = {
						CreatedOnToolsVersion = 12.1;
						TestTargetID = F759905625F0F85200637BD1;
					};
					F759907A25F0F85500637BD1 = {
						CreatedOnToolsVersion = 12.1;
						TestTargetID = F759905625F0F85200637BD1;
					};
				};
			};
			buildConfigurationList = F759905225F0F85200637BD1 /* Build configuration list for PBXProject "Knockout" */;
			compatibilityVersion = "Xcode 9.3";
			developmentRegion = en;
			hasScannedForEncodings = 0;
			knownRegions = (
				en,
				Base,
			);
			mainGroup = F759904E25F0F85200637BD1;
			productRefGroup = F759905825F0F85200637BD1 /* Products */;
			projectDirPath = "";
			projectRoot = "";
			targets = (
				F759905625F0F85200637BD1 /* Knockout */,
				F759906F25F0F85500637BD1 /* KnockoutTests */,
				F759907A25F0F85500637BD1 /* KnockoutUITests */,
			);
		};
/* End PBXProject section */

/* Begin PBXResourcesBuildPhase section */
		F759905525F0F85200637BD1 /* Resources */ = {
			isa = PBXResourcesBuildPhase;
			buildActionMask = 2147483647;
			files = (
				F759906A25F0F85500637BD1 /* LaunchScreen.storyboard in Resources */,
				F759906725F0F85500637BD1 /* Assets.xcassets in Resources */,
				F759906225F0F85200637BD1 /* Main.storyboard in Resources */,
			);
			runOnlyForDeploymentPostprocessing = 0;
		};
		F759906E25F0F85500637BD1 /* Resources */ = {
			isa = PBXResourcesBuildPhase;
			buildActionMask = 2147483647;
			files = (
			);
			runOnlyForDeploymentPostprocessing = 0;
		};
		F759907925F0F85500637BD1 /* Resources */ = {
			isa = PBXResourcesBuildPhase;
			buildActionMask = 2147483647;
			files = (
			);
			runOnlyForDeploymentPostprocessing = 0;
		};
/* End PBXResourcesBuildPhase section */

/* Begin PBXSourcesBuildPhase section */
		F759905325F0F85200637BD1 /* Sources */ = {
			isa = PBXSourcesBuildPhase;
			buildActionMask = 2147483647;
			files = (
				F759905F25F0F85200637BD1 /* HomeViewController.swift in Sources */,
				F759905B25F0F85200637BD1 /* AppDelegate.swift in Sources */,
				F759909125F117E800637BD1 /* FixtureManager.swift in Sources */,
				F75990C525F1339D00637BD1 /* HomeViewModel.swift in Sources */,
				F759905D25F0F85200637BD1 /* SceneDelegate.swift in Sources */,
				F759909625F11E6500637BD1 /* TournamentCell.swift in Sources */,
				F759906525F0F85200637BD1 /* Knockout.xcdatamodeld in Sources */,
				F759909C25F131F100637BD1 /* DatabaseManager.swift in Sources */,
			);
			runOnlyForDeploymentPostprocessing = 0;
		};
		F759906C25F0F85500637BD1 /* Sources */ = {
			isa = PBXSourcesBuildPhase;
			buildActionMask = 2147483647;
			files = (
				F759907525F0F85500637BD1 /* KnockoutTests.swift in Sources */,
			);
			runOnlyForDeploymentPostprocessing = 0;
		};
		F759907725F0F85500637BD1 /* Sources */ = {
			isa = PBXSourcesBuildPhase;
			buildActionMask = 2147483647;
			files = (
				F759908025F0F85500637BD1 /* KnockoutUITests.swift in Sources */,
			);
			runOnlyForDeploymentPostprocessing = 0;
		};
/* End PBXSourcesBuildPhase section */

/* Begin PBXTargetDependency section */
		F759907225F0F85500637BD1 /* PBXTargetDependency */ = {
			isa = PBXTargetDependency;
			target = F759905625F0F85200637BD1 /* Knockout */;
			targetProxy = F759907125F0F85500637BD1 /* PBXContainerItemProxy */;
		};
		F759907D25F0F85500637BD1 /* PBXTargetDependency */ = {
			isa = PBXTargetDependency;
			target = F759905625F0F85200637BD1 /* Knockout */;
			targetProxy = F759907C25F0F85500637BD1 /* PBXContainerItemProxy */;
		};
/* End PBXTargetDependency section */

/* Begin PBXVariantGroup section */
		F759906025F0F85200637BD1 /* Main.storyboard */ = {
			isa = PBXVariantGroup;
			children = (
				F759906125F0F85200637BD1 /* Base */,
			);
			name = Main.storyboard;
			sourceTree = "<group>";
		};
		F759906825F0F85500637BD1 /* LaunchScreen.storyboard */ = {
			isa = PBXVariantGroup;
			children = (
				F759906925F0F85500637BD1 /* Base */,
			);
			name = LaunchScreen.storyboard;
			sourceTree = "<group>";
		};
/* End PBXVariantGroup section */

/* Begin XCBuildConfiguration section */
		F759908225F0F85500637BD1 /* Debug */ = {
			isa = XCBuildConfiguration;
			buildSettings = {
				ALWAYS_SEARCH_USER_PATHS = NO;
				CLANG_ANALYZER_NONNULL = YES;
				CLANG_ANALYZER_NUMBER_OBJECT_CONVERSION = YES_AGGRESSIVE;
				CLANG_CXX_LANGUAGE_STANDARD = "gnu++14";
				CLANG_CXX_LIBRARY = "libc++";
				CLANG_ENABLE_MODULES = YES;
				CLANG_ENABLE_OBJC_ARC = YES;
				CLANG_ENABLE_OBJC_WEAK = YES;
				CLANG_WARN_BLOCK_CAPTURE_AUTORELEASING = YES;
				CLANG_WARN_BOOL_CONVERSION = YES;
				CLANG_WARN_COMMA = YES;
				CLANG_WARN_CONSTANT_CONVERSION = YES;
				CLANG_WARN_DEPRECATED_OBJC_IMPLEMENTATIONS = YES;
				CLANG_WARN_DIRECT_OBJC_ISA_USAGE = YES_ERROR;
				CLANG_WARN_DOCUMENTATION_COMMENTS = YES;
				CLANG_WARN_EMPTY_BODY = YES;
				CLANG_WARN_ENUM_CONVERSION = YES;
				CLANG_WARN_INFINITE_RECURSION = YES;
				CLANG_WARN_INT_CONVERSION = YES;
				CLANG_WARN_NON_LITERAL_NULL_CONVERSION = YES;
				CLANG_WARN_OBJC_IMPLICIT_RETAIN_SELF = YES;
				CLANG_WARN_OBJC_LITERAL_CONVERSION = YES;
				CLANG_WARN_OBJC_ROOT_CLASS = YES_ERROR;
				CLANG_WARN_QUOTED_INCLUDE_IN_FRAMEWORK_HEADER = YES;
				CLANG_WARN_RANGE_LOOP_ANALYSIS = YES;
				CLANG_WARN_STRICT_PROTOTYPES = YES;
				CLANG_WARN_SUSPICIOUS_MOVE = YES;
				CLANG_WARN_UNGUARDED_AVAILABILITY = YES_AGGRESSIVE;
				CLANG_WARN_UNREACHABLE_CODE = YES;
				CLANG_WARN__DUPLICATE_METHOD_MATCH = YES;
				COPY_PHASE_STRIP = NO;
				DEBUG_INFORMATION_FORMAT = dwarf;
				ENABLE_STRICT_OBJC_MSGSEND = YES;
				ENABLE_TESTABILITY = YES;
				GCC_C_LANGUAGE_STANDARD = gnu11;
				GCC_DYNAMIC_NO_PIC = NO;
				GCC_NO_COMMON_BLOCKS = YES;
				GCC_OPTIMIZATION_LEVEL = 0;
				GCC_PREPROCESSOR_DEFINITIONS = (
					"DEBUG=1",
					"$(inherited)",
				);
				GCC_WARN_64_TO_32_BIT_CONVERSION = YES;
				GCC_WARN_ABOUT_RETURN_TYPE = YES_ERROR;
				GCC_WARN_UNDECLARED_SELECTOR = YES;
				GCC_WARN_UNINITIALIZED_AUTOS = YES_AGGRESSIVE;
				GCC_WARN_UNUSED_FUNCTION = YES;
				GCC_WARN_UNUSED_VARIABLE = YES;
				IPHONEOS_DEPLOYMENT_TARGET = 14.1;
				MTL_ENABLE_DEBUG_INFO = INCLUDE_SOURCE;
				MTL_FAST_MATH = YES;
				ONLY_ACTIVE_ARCH = YES;
				SDKROOT = iphoneos;
				SWIFT_ACTIVE_COMPILATION_CONDITIONS = DEBUG;
				SWIFT_OPTIMIZATION_LEVEL = "-Onone";
			};
			name = Debug;
		};
		F759908325F0F85500637BD1 /* Release */ = {
			isa = XCBuildConfiguration;
			buildSettings = {
				ALWAYS_SEARCH_USER_PATHS = NO;
				CLANG_ANALYZER_NONNULL = YES;
				CLANG_ANALYZER_NUMBER_OBJECT_CONVERSION = YES_AGGRESSIVE;
				CLANG_CXX_LANGUAGE_STANDARD = "gnu++14";
				CLANG_CXX_LIBRARY = "libc++";
				CLANG_ENABLE_MODULES = YES;
				CLANG_ENABLE_OBJC_ARC = YES;
				CLANG_ENABLE_OBJC_WEAK = YES;
				CLANG_WARN_BLOCK_CAPTURE_AUTORELEASING = YES;
				CLANG_WARN_BOOL_CONVERSION = YES;
				CLANG_WARN_COMMA = YES;
				CLANG_WARN_CONSTANT_CONVERSION = YES;
				CLANG_WARN_DEPRECATED_OBJC_IMPLEMENTATIONS = YES;
				CLANG_WARN_DIRECT_OBJC_ISA_USAGE = YES_ERROR;
				CLANG_WARN_DOCUMENTATION_COMMENTS = YES;
				CLANG_WARN_EMPTY_BODY = YES;
				CLANG_WARN_ENUM_CONVERSION = YES;
				CLANG_WARN_INFINITE_RECURSION = YES;
				CLANG_WARN_INT_CONVERSION = YES;
				CLANG_WARN_NON_LITERAL_NULL_CONVERSION = YES;
				CLANG_WARN_OBJC_IMPLICIT_RETAIN_SELF = YES;
				CLANG_WARN_OBJC_LITERAL_CONVERSION = YES;
				CLANG_WARN_OBJC_ROOT_CLASS = YES_ERROR;
				CLANG_WARN_QUOTED_INCLUDE_IN_FRAMEWORK_HEADER = YES;
				CLANG_WARN_RANGE_LOOP_ANALYSIS = YES;
				CLANG_WARN_STRICT_PROTOTYPES = YES;
				CLANG_WARN_SUSPICIOUS_MOVE = YES;
				CLANG_WARN_UNGUARDED_AVAILABILITY = YES_AGGRESSIVE;
				CLANG_WARN_UNREACHABLE_CODE = YES;
				CLANG_WARN__DUPLICATE_METHOD_MATCH = YES;
				COPY_PHASE_STRIP = NO;
				DEBUG_INFORMATION_FORMAT = "dwarf-with-dsym";
				ENABLE_NS_ASSERTIONS = NO;
				ENABLE_STRICT_OBJC_MSGSEND = YES;
				GCC_C_LANGUAGE_STANDARD = gnu11;
				GCC_NO_COMMON_BLOCKS = YES;
				GCC_WARN_64_TO_32_BIT_CONVERSION = YES;
				GCC_WARN_ABOUT_RETURN_TYPE = YES_ERROR;
				GCC_WARN_UNDECLARED_SELECTOR = YES;
				GCC_WARN_UNINITIALIZED_AUTOS = YES_AGGRESSIVE;
				GCC_WARN_UNUSED_FUNCTION = YES;
				GCC_WARN_UNUSED_VARIABLE = YES;
				IPHONEOS_DEPLOYMENT_TARGET = 14.1;
				MTL_ENABLE_DEBUG_INFO = NO;
				MTL_FAST_MATH = YES;
				SDKROOT = iphoneos;
				SWIFT_COMPILATION_MODE = wholemodule;
				SWIFT_OPTIMIZATION_LEVEL = "-O";
				VALIDATE_PRODUCT = YES;
			};
			name = Release;
		};
		F759908525F0F85500637BD1 /* Debug */ = {
			isa = XCBuildConfiguration;
			buildSettings = {
				ASSETCATALOG_COMPILER_APPICON_NAME = AppIcon;
				ASSETCATALOG_COMPILER_GLOBAL_ACCENT_COLOR_NAME = AccentColor;
				CODE_SIGN_STYLE = Automatic;
				DEVELOPMENT_TEAM = M2K78ZVNB5;
				INFOPLIST_FILE = Knockout/Info.plist;
				LD_RUNPATH_SEARCH_PATHS = (
					"$(inherited)",
					"@executable_path/Frameworks",
				);
				PRODUCT_BUNDLE_IDENTIFIER = com.exa.asads.Knockout;
				PRODUCT_NAME = "$(TARGET_NAME)";
				SWIFT_VERSION = 5.0;
				TARGETED_DEVICE_FAMILY = "1,2";
			};
			name = Debug;
		};
		F759908625F0F85500637BD1 /* Release */ = {
			isa = XCBuildConfiguration;
			buildSettings = {
				ASSETCATALOG_COMPILER_APPICON_NAME = AppIcon;
				ASSETCATALOG_COMPILER_GLOBAL_ACCENT_COLOR_NAME = AccentColor;
				CODE_SIGN_STYLE = Automatic;
				DEVELOPMENT_TEAM = M2K78ZVNB5;
				INFOPLIST_FILE = Knockout/Info.plist;
				LD_RUNPATH_SEARCH_PATHS = (
					"$(inherited)",
					"@executable_path/Frameworks",
				);
				PRODUCT_BUNDLE_IDENTIFIER = com.exa.asads.Knockout;
				PRODUCT_NAME = "$(TARGET_NAME)";
				SWIFT_VERSION = 5.0;
				TARGETED_DEVICE_FAMILY = "1,2";
			};
			name = Release;
		};
		F759908825F0F85500637BD1 /* Debug */ = {
			isa = XCBuildConfiguration;
			buildSettings = {
				ALWAYS_EMBED_SWIFT_STANDARD_LIBRARIES = YES;
				BUNDLE_LOADER = "$(TEST_HOST)";
				CODE_SIGN_STYLE = Automatic;
				DEVELOPMENT_TEAM = M2K78ZVNB5;
				INFOPLIST_FILE = KnockoutTests/Info.plist;
				IPHONEOS_DEPLOYMENT_TARGET = 14.1;
				LD_RUNPATH_SEARCH_PATHS = (
					"$(inherited)",
					"@executable_path/Frameworks",
					"@loader_path/Frameworks",
				);
				PRODUCT_BUNDLE_IDENTIFIER = com.exa.asads.KnockoutTests;
				PRODUCT_NAME = "$(TARGET_NAME)";
				SWIFT_VERSION = 5.0;
				TARGETED_DEVICE_FAMILY = "1,2";
				TEST_HOST = "$(BUILT_PRODUCTS_DIR)/Knockout.app/Knockout";
			};
			name = Debug;
		};
		F759908925F0F85500637BD1 /* Release */ = {
			isa = XCBuildConfiguration;
			buildSettings = {
				ALWAYS_EMBED_SWIFT_STANDARD_LIBRARIES = YES;
				BUNDLE_LOADER = "$(TEST_HOST)";
				CODE_SIGN_STYLE = Automatic;
				DEVELOPMENT_TEAM = M2K78ZVNB5;
				INFOPLIST_FILE = KnockoutTests/Info.plist;
				IPHONEOS_DEPLOYMENT_TARGET = 14.1;
				LD_RUNPATH_SEARCH_PATHS = (
					"$(inherited)",
					"@executable_path/Frameworks",
					"@loader_path/Frameworks",
				);
				PRODUCT_BUNDLE_IDENTIFIER = com.exa.asads.KnockoutTests;
				PRODUCT_NAME = "$(TARGET_NAME)";
				SWIFT_VERSION = 5.0;
				TARGETED_DEVICE_FAMILY = "1,2";
				TEST_HOST = "$(BUILT_PRODUCTS_DIR)/Knockout.app/Knockout";
			};
			name = Release;
		};
		F759908B25F0F85500637BD1 /* Debug */ = {
			isa = XCBuildConfiguration;
			buildSettings = {
				ALWAYS_EMBED_SWIFT_STANDARD_LIBRARIES = YES;
				CODE_SIGN_STYLE = Automatic;
				DEVELOPMENT_TEAM = M2K78ZVNB5;
				INFOPLIST_FILE = KnockoutUITests/Info.plist;
				LD_RUNPATH_SEARCH_PATHS = (
					"$(inherited)",
					"@executable_path/Frameworks",
					"@loader_path/Frameworks",
				);
				PRODUCT_BUNDLE_IDENTIFIER = com.exa.asads.KnockoutUITests;
				PRODUCT_NAME = "$(TARGET_NAME)";
				SWIFT_VERSION = 5.0;
				TARGETED_DEVICE_FAMILY = "1,2";
				TEST_TARGET_NAME = Knockout;
			};
			name = Debug;
		};
		F759908C25F0F85500637BD1 /* Release */ = {
			isa = XCBuildConfiguration;
			buildSettings = {
				ALWAYS_EMBED_SWIFT_STANDARD_LIBRARIES = YES;
				CODE_SIGN_STYLE = Automatic;
				DEVELOPMENT_TEAM = M2K78ZVNB5;
				INFOPLIST_FILE = KnockoutUITests/Info.plist;
				LD_RUNPATH_SEARCH_PATHS = (
					"$(inherited)",
					"@executable_path/Frameworks",
					"@loader_path/Frameworks",
				);
				PRODUCT_BUNDLE_IDENTIFIER = com.exa.asads.KnockoutUITests;
				PRODUCT_NAME = "$(TARGET_NAME)";
				SWIFT_VERSION = 5.0;
				TARGETED_DEVICE_FAMILY = "1,2";
				TEST_TARGET_NAME = Knockout;
			};
			name = Release;
		};
/* End XCBuildConfiguration section */

/* Begin XCConfigurationList section */
		F759905225F0F85200637BD1 /* Build configuration list for PBXProject "Knockout" */ = {
			isa = XCConfigurationList;
			buildConfigurations = (
				F759908225F0F85500637BD1 /* Debug */,
				F759908325F0F85500637BD1 /* Release */,
			);
			defaultConfigurationIsVisible = 0;
			defaultConfigurationName = Release;
		};
		F759908425F0F85500637BD1 /* Build configuration list for PBXNativeTarget "Knockout" */ = {
			isa = XCConfigurationList;
			buildConfigurations = (
				F759908525F0F85500637BD1 /* Debug */,
				F759908625F0F85500637BD1 /* Release */,
			);
			defaultConfigurationIsVisible = 0;
			defaultConfigurationName = Release;
		};
		F759908725F0F85500637BD1 /* Build configuration list for PBXNativeTarget "KnockoutTests" */ = {
			isa = XCConfigurationList;
			buildConfigurations = (
				F759908825F0F85500637BD1 /* Debug */,
				F759908925F0F85500637BD1 /* Release */,
			);
			defaultConfigurationIsVisible = 0;
			defaultConfigurationName = Release;
		};
		F759908A25F0F85500637BD1 /* Build configuration list for PBXNativeTarget "KnockoutUITests" */ = {
			isa = XCConfigurationList;
			buildConfigurations = (
				F759908B25F0F85500637BD1 /* Debug */,
				F759908C25F0F85500637BD1 /* Release */,
			);
			defaultConfigurationIsVisible = 0;
			defaultConfigurationName = Release;
		};
/* End XCConfigurationList section */

/* Begin XCVersionGroup section */
		F759906325F0F85200637BD1 /* Knockout.xcdatamodeld */ = {
			isa = XCVersionGroup;
			children = (
				F759906425F0F85200637BD1 /* Knockout.xcdatamodel */,
			);
			currentVersion = F759906425F0F85200637BD1 /* Knockout.xcdatamodel */;
			path = Knockout.xcdatamodeld;
			sourceTree = "<group>";
			versionGroupType = wrapper.xcdatamodel;
		};
/* End XCVersionGroup section */
	};
	rootObject = F759904F25F0F85200637BD1 /* Project object */;
}
